
Microsoft Visual Studio Solution File, Format Version 12.00
# Visual Studio Version 16
VisualStudioVersion = 16.0.32413.511
MinimumVisualStudioVersion = 10.0.40219.1
Project("{FAE04EC0-301F-11D3-BF4B-00C04F79EFBC}") = "VSforWEB ex 6", "VSforWEB ex 6\VSforWEB ex 6.csproj", "{9EEEE855-C369-487F-AD9A-0C16804AB227}"
EndProject
Global
	GlobalSection(SolutionConfigurationPlatforms) = preSolution
		Debug|Any CPU = Debug|Any CPU
		Release|Any CPU = Release|Any CPU
	EndGlobalSection
	GlobalSection(ProjectConfigurationPlatforms) = postSolution
		{9EEEE855-C369-487F-AD9A-0C16804AB227}.Debug|Any CPU.ActiveCfg = Debug|Any CPU
		{9EEEE855-C369-487F-AD9A-0C16804AB227}.Debug|Any CPU.Build.0 = Debug|Any CPU
		{9EEEE855-C369-487F-AD9A-0C16804AB227}.Release|Any CPU.ActiveCfg = Release|Any CPU
		{9EEEE855-C369-487F-AD9A-0C16804AB227}.Release|Any CPU.Build.0 = Release|Any CPU
	EndGlobalSection
	GlobalSection(SolutionProperties) = preSolution
		HideSolutionNode = FALSE
	EndGlobalSection
	GlobalSection(ExtensibilityGlobals) = postSolution
		SolutionGuid = {DC1403A1-C6D4-48B1-AFA2-219F395A9254}
	EndGlobalSection
EndGlobal
